
Microsoft Visual Studio Solution File, Format Version 12.00
# Visual Studio Version 16
VisualStudioVersion = 16.0.30114.105
MinimumVisualStudioVersion = 10.0.40219.1
Project("{FAE04EC0-301F-11D3-BF4B-00C04F79EFBC}") = "Duplicates", "Duplicates\Duplicates.csproj", "{BAF96345-987C-4763-ADB8-C6DCCBF6C6BE}"
EndProject
Global
	GlobalSection(SolutionConfigurationPlatforms) = preSolution
		Debug|Any CPU = Debug|Any CPU
		Release|Any CPU = Release|Any CPU
	EndGlobalSection
	GlobalSection(ProjectConfigurationPlatforms) = postSolution
		{BAF96345-987C-4763-ADB8-C6DCCBF6C6BE}.Debug|Any CPU.ActiveCfg = Debug|Any CPU
		{BAF96345-987C-4763-ADB8-C6DCCBF6C6BE}.Debug|Any CPU.Build.0 = Debug|Any CPU
		{BAF96345-987C-4763-ADB8-C6DCCBF6C6BE}.Release|Any CPU.ActiveCfg = Release|Any CPU
		{BAF96345-987C-4763-ADB8-C6DCCBF6C6BE}.Release|Any CPU.Build.0 = Release|Any CPU
	EndGlobalSection
	GlobalSection(SolutionProperties) = preSolution
		HideSolutionNode = FALSE
	EndGlobalSection
	GlobalSection(ExtensibilityGlobals) = postSolution
		SolutionGuid = {5421C06A-E260-4839-839F-9BA807843A6C}
	EndGlobalSection
EndGlobal
